
Microsoft Visual Studio Solution File, Format Version 12.00
# Visual Studio Express 2012 for Web
Project("{E24C65DC-7377-472B-9ABA-BC803B73C61A}") = "SpeechRecognition", ".", "{66E24856-A60A-4CEC-A98C-7FAE2D74279F}"
	ProjectSection(WebsiteProperties) = preProject
		TargetFrameworkMoniker = ".NETFramework,Version%3Dv4.0"
		Debug.AspNetCompiler.VirtualPath = "/SpeechRecognition"
		Debug.AspNetCompiler.PhysicalPath = "..\SpeechRecognition\"
		Debug.AspNetCompiler.TargetPath = "PrecompiledWeb\SpeechRecognition\"
		Debug.AspNetCompiler.Updateable = "true"
		Debug.AspNetCompiler.ForceOverwrite = "true"
		Debug.AspNetCompiler.FixedNames = "false"
		Debug.AspNetCompiler.Debug = "True"
		Release.AspNetCompiler.VirtualPath = "/SpeechRecognition"
		Release.AspNetCompiler.PhysicalPath = "..\SpeechRecognition\"
		Release.AspNetCompiler.TargetPath = "PrecompiledWeb\SpeechRecognition\"
		Release.AspNetCompiler.Updateable = "true"
		Release.AspNetCompiler.ForceOverwrite = "true"
		Release.AspNetCompiler.FixedNames = "false"
		Release.AspNetCompiler.Debug = "False"
		VWDPort = "50678"
	EndProjectSection
EndProject
Global
	GlobalSection(SolutionConfigurationPlatforms) = preSolution
		Debug|Any CPU = Debug|Any CPU
	EndGlobalSection
	GlobalSection(ProjectConfigurationPlatforms) = postSolution
		{66E24856-A60A-4CEC-A98C-7FAE2D74279F}.Debug|Any CPU.ActiveCfg = Debug|Any CPU
		{66E24856-A60A-4CEC-A98C-7FAE2D74279F}.Debug|Any CPU.Build.0 = Debug|Any CPU
	EndGlobalSection
	GlobalSection(SolutionProperties) = preSolution
		HideSolutionNode = FALSE
	EndGlobalSection
EndGlobal
